PODS:
  - Material (1.40.1)
  - MBProgressHUD (0.9.2)

DEPENDENCIES:
  - Material (~> 1.0)
  - MBProgressHUD (~> 0.9.2)

SPEC CHECKSUMS:
  Material: 3b5fead4a1e70fc925e163aeeb694c784256d0c8
  MBProgressHUD: 1569cf7ace17a8bac47aabfbb8580a49690386d1

PODFILE CHECKSUM: 10605271789d9ed83fae130e687a25e2ef530ea8

COCOAPODS: 1.0.0.beta.8
